
Microsoft Visual Studio Solution File, Format Version 12.00
# Visual Studio 2012
Project("{FAE04EC0-301F-11D3-BF4B-00C04F79EFBC}") = "MemberManagementSystem", "MemberManagementSystem\MemberManagementSystem.csproj", "{4C65616A-FCC9-4AF9-8D03-80EC21BDD136}"
EndProject
Project("{FAE04EC0-301F-11D3-BF4B-00C04F79EFBC}") = "MemberBackgroundManagementSystem", "..\MemberBackgroundManagementSystem\MemberBackgroundManagementSystem\MemberBackgroundManagementSystem.csproj", "{675104BF-14C8-491E-A798-AD56726CF8B3}"
EndProject
Global
	GlobalSection(SolutionConfigurationPlatforms) = preSolution
		Debug|Any CPU = Debug|Any CPU
		Release|Any CPU = Release|Any CPU
	EndGlobalSection
	GlobalSection(ProjectConfigurationPlatforms) = postSolution
		{4C65616A-FCC9-4AF9-8D03-80EC21BDD136}.Debug|Any CPU.ActiveCfg = Debug|Any CPU
		{4C65616A-FCC9-4AF9-8D03-80EC21BDD136}.Debug|Any CPU.Build.0 = Debug|Any CPU
		{4C65616A-FCC9-4AF9-8D03-80EC21BDD136}.Release|Any CPU.ActiveCfg = Release|Any CPU
		{4C65616A-FCC9-4AF9-8D03-80EC21BDD136}.Release|Any CPU.Build.0 = Release|Any CPU
		{675104BF-14C8-491E-A798-AD56726CF8B3}.Debug|Any CPU.ActiveCfg = Debug|Any CPU
		{675104BF-14C8-491E-A798-AD56726CF8B3}.Debug|Any CPU.Build.0 = Debug|Any CPU
		{675104BF-14C8-491E-A798-AD56726CF8B3}.Release|Any CPU.ActiveCfg = Release|Any CPU
		{675104BF-14C8-491E-A798-AD56726CF8B3}.Release|Any CPU.Build.0 = Release|Any CPU
	EndGlobalSection
	GlobalSection(SolutionProperties) = preSolution
		HideSolutionNode = FALSE
	EndGlobalSection
EndGlobal
